
Microsoft Visual Studio Solution File, Format Version 11.00
# Visual Studio 2010
Project("{FAE04EC0-301F-11D3-BF4B-00C04F79EFBC}") = "Oef20_5_Rekenmachine", "Oef20_5_Rekenmachine.csproj", "{4D521CBD-D200-48CA-9933-258E4404C10E}"
EndProject
Global
	GlobalSection(SolutionConfigurationPlatforms) = preSolution
		Debug|x86 = Debug|x86
		Release|x86 = Release|x86
	EndGlobalSection
	GlobalSection(ProjectConfigurationPlatforms) = postSolution
		{4D521CBD-D200-48CA-9933-258E4404C10E}.Debug|x86.ActiveCfg = Debug|x86
		{4D521CBD-D200-48CA-9933-258E4404C10E}.Debug|x86.Build.0 = Debug|x86
		{4D521CBD-D200-48CA-9933-258E4404C10E}.Release|x86.ActiveCfg = Release|x86
		{4D521CBD-D200-48CA-9933-258E4404C10E}.Release|x86.Build.0 = Release|x86
	EndGlobalSection
	GlobalSection(SolutionProperties) = preSolution
		HideSolutionNode = FALSE
	EndGlobalSection
EndGlobal
