
Microsoft Visual Studio Solution File, Format Version 11.00
# Visual Studio 2010
Project("{FAE04EC0-301F-11D3-BF4B-00C04F79EFBC}") = "Oef5_14_SecNaarUMS", "Oef5_14_SecNaarUMS.csproj", "{B73FB112-C2CB-4A93-A9A2-35B21969FAE4}"
EndProject
Global
	GlobalSection(SolutionConfigurationPlatforms) = preSolution
		Debug|x86 = Debug|x86
		Release|x86 = Release|x86
	EndGlobalSection
	GlobalSection(ProjectConfigurationPlatforms) = postSolution
		{B73FB112-C2CB-4A93-A9A2-35B21969FAE4}.Debug|x86.ActiveCfg = Debug|x86
		{B73FB112-C2CB-4A93-A9A2-35B21969FAE4}.Debug|x86.Build.0 = Debug|x86
		{B73FB112-C2CB-4A93-A9A2-35B21969FAE4}.Release|x86.ActiveCfg = Release|x86
		{B73FB112-C2CB-4A93-A9A2-35B21969FAE4}.Release|x86.Build.0 = Release|x86
	EndGlobalSection
	GlobalSection(SolutionProperties) = preSolution
		HideSolutionNode = FALSE
	EndGlobalSection
EndGlobal
