
Microsoft Visual Studio Solution File, Format Version 11.00
# Visual Studio 2010
Project("{FAE04EC0-301F-11D3-BF4B-00C04F79EFBC}") = "Oef18_5_ZoekEnVervang", "Oef18_5_ZoekEnVervang.csproj", "{3EB7F32F-A0CA-4546-83F9-23FC49A57EEC}"
EndProject
Global
	GlobalSection(SolutionConfigurationPlatforms) = preSolution
		Debug|x86 = Debug|x86
		Release|x86 = Release|x86
	EndGlobalSection
	GlobalSection(ProjectConfigurationPlatforms) = postSolution
		{3EB7F32F-A0CA-4546-83F9-23FC49A57EEC}.Debug|x86.ActiveCfg = Debug|x86
		{3EB7F32F-A0CA-4546-83F9-23FC49A57EEC}.Debug|x86.Build.0 = Debug|x86
		{3EB7F32F-A0CA-4546-83F9-23FC49A57EEC}.Release|x86.ActiveCfg = Release|x86
		{3EB7F32F-A0CA-4546-83F9-23FC49A57EEC}.Release|x86.Build.0 = Release|x86
	EndGlobalSection
	GlobalSection(SolutionProperties) = preSolution
		HideSolutionNode = FALSE
	EndGlobalSection
EndGlobal
