
Microsoft Visual Studio Solution File, Format Version 12.00
# Visual Studio 14
VisualStudioVersion = 14.0.25123.0
MinimumVisualStudioVersion = 10.0.40219.1
Project("{FAE04EC0-301F-11D3-BF4B-00C04F79EFBC}") = "Sixflags", "Sixflags\Sixflags.csproj", "{4AF52E52-3002-41A8-A350-8D2BA805C974}"
EndProject
Project("{FAE04EC0-301F-11D3-BF4B-00C04F79EFBC}") = "Sixflags.Tests", "Sixflags.Tests\Sixflags.Tests.csproj", "{4B61885E-56B8-4B75-BAE8-23FA60993635}"
EndProject
Global
	GlobalSection(SolutionConfigurationPlatforms) = preSolution
		Debug|Any CPU = Debug|Any CPU
		Release|Any CPU = Release|Any CPU
	EndGlobalSection
	GlobalSection(ProjectConfigurationPlatforms) = postSolution
		{4AF52E52-3002-41A8-A350-8D2BA805C974}.Debug|Any CPU.ActiveCfg = Debug|Any CPU
		{4AF52E52-3002-41A8-A350-8D2BA805C974}.Debug|Any CPU.Build.0 = Debug|Any CPU
		{4AF52E52-3002-41A8-A350-8D2BA805C974}.Release|Any CPU.ActiveCfg = Release|Any CPU
		{4AF52E52-3002-41A8-A350-8D2BA805C974}.Release|Any CPU.Build.0 = Release|Any CPU
		{4B61885E-56B8-4B75-BAE8-23FA60993635}.Debug|Any CPU.ActiveCfg = Debug|Any CPU
		{4B61885E-56B8-4B75-BAE8-23FA60993635}.Debug|Any CPU.Build.0 = Debug|Any CPU
		{4B61885E-56B8-4B75-BAE8-23FA60993635}.Release|Any CPU.ActiveCfg = Release|Any CPU
		{4B61885E-56B8-4B75-BAE8-23FA60993635}.Release|Any CPU.Build.0 = Release|Any CPU
	EndGlobalSection
	GlobalSection(SolutionProperties) = preSolution
		HideSolutionNode = FALSE
	EndGlobalSection
EndGlobal
