
Microsoft Visual Studio Solution File, Format Version 11.00
# Visual Studio 2010
Project("{FAE04EC0-301F-11D3-BF4B-00C04F79EFBC}") = "StringConcat", "StringConcat.csproj", "{198BD294-752A-4D04-9E8F-3E238F25908D}"
EndProject
Global
	GlobalSection(SolutionConfigurationPlatforms) = preSolution
		Debug|x86 = Debug|x86
		Release|x86 = Release|x86
	EndGlobalSection
	GlobalSection(ProjectConfigurationPlatforms) = postSolution
		{198BD294-752A-4D04-9E8F-3E238F25908D}.Debug|x86.ActiveCfg = Debug|x86
		{198BD294-752A-4D04-9E8F-3E238F25908D}.Debug|x86.Build.0 = Debug|x86
		{198BD294-752A-4D04-9E8F-3E238F25908D}.Release|x86.ActiveCfg = Release|x86
		{198BD294-752A-4D04-9E8F-3E238F25908D}.Release|x86.Build.0 = Release|x86
	EndGlobalSection
	GlobalSection(SolutionProperties) = preSolution
		HideSolutionNode = FALSE
	EndGlobalSection
EndGlobal
