
Microsoft Visual Studio Solution File, Format Version 11.00
# Visual Studio 2010
Project("{FAE04EC0-301F-11D3-BF4B-00C04F79EFBC}") = "Oef5_18_Ophoging", "Oef5_18_Ophoging.csproj", "{33F55E2A-51F1-4598-A342-ED732BEC513A}"
EndProject
Global
	GlobalSection(SolutionConfigurationPlatforms) = preSolution
		Debug|x86 = Debug|x86
		Release|x86 = Release|x86
	EndGlobalSection
	GlobalSection(ProjectConfigurationPlatforms) = postSolution
		{33F55E2A-51F1-4598-A342-ED732BEC513A}.Debug|x86.ActiveCfg = Debug|x86
		{33F55E2A-51F1-4598-A342-ED732BEC513A}.Debug|x86.Build.0 = Debug|x86
		{33F55E2A-51F1-4598-A342-ED732BEC513A}.Release|x86.ActiveCfg = Release|x86
		{33F55E2A-51F1-4598-A342-ED732BEC513A}.Release|x86.Build.0 = Release|x86
	EndGlobalSection
	GlobalSection(SolutionProperties) = preSolution
		HideSolutionNode = FALSE
	EndGlobalSection
EndGlobal
