
Microsoft Visual Studio Solution File, Format Version 12.00
# Visual Studio 14
VisualStudioVersion = 14.0.23107.0
MinimumVisualStudioVersion = 10.0.40219.1
Project("{FAE04EC0-301F-11D3-BF4B-00C04F79EFBC}") = "WpfApplication36", "WpfApplication36\WpfApplication36.csproj", "{EC3AD6E4-8C1A-46EA-859D-414E91C2B02B}"
EndProject
Global
	GlobalSection(SolutionConfigurationPlatforms) = preSolution
		Debug|Any CPU = Debug|Any CPU
		Release|Any CPU = Release|Any CPU
	EndGlobalSection
	GlobalSection(ProjectConfigurationPlatforms) = postSolution
		{EC3AD6E4-8C1A-46EA-859D-414E91C2B02B}.Debug|Any CPU.ActiveCfg = Debug|Any CPU
		{EC3AD6E4-8C1A-46EA-859D-414E91C2B02B}.Debug|Any CPU.Build.0 = Debug|Any CPU
		{EC3AD6E4-8C1A-46EA-859D-414E91C2B02B}.Release|Any CPU.ActiveCfg = Release|Any CPU
		{EC3AD6E4-8C1A-46EA-859D-414E91C2B02B}.Release|Any CPU.Build.0 = Release|Any CPU
	EndGlobalSection
	GlobalSection(SolutionProperties) = preSolution
		HideSolutionNode = FALSE
	EndGlobalSection
EndGlobal
