
Microsoft Visual Studio Solution File, Format Version 11.00
# Visual C# Express 2010
Project("{FAE04EC0-301F-11D3-BF4B-00C04F79EFBC}") = "Voting", "Voting.csproj", "{DB7F2A1A-663F-4483-8D68-EC83E45D661E}"
EndProject
Global
	GlobalSection(SolutionConfigurationPlatforms) = preSolution
		Debug|x86 = Debug|x86
		Release|x86 = Release|x86
	EndGlobalSection
	GlobalSection(ProjectConfigurationPlatforms) = postSolution
		{DB7F2A1A-663F-4483-8D68-EC83E45D661E}.Debug|x86.ActiveCfg = Debug|x86
		{DB7F2A1A-663F-4483-8D68-EC83E45D661E}.Debug|x86.Build.0 = Debug|x86
		{DB7F2A1A-663F-4483-8D68-EC83E45D661E}.Release|x86.ActiveCfg = Release|x86
		{DB7F2A1A-663F-4483-8D68-EC83E45D661E}.Release|x86.Build.0 = Release|x86
	EndGlobalSection
	GlobalSection(SolutionProperties) = preSolution
		HideSolutionNode = FALSE
	EndGlobalSection
EndGlobal
