
Microsoft Visual Studio Solution File, Format Version 11.00
# Visual Studio 2010
Project("{FAE04EC0-301F-11D3-BF4B-00C04F79EFBC}") = "Oef2_5_Teksteditor", "Oef2_5_Teksteditor.csproj", "{EACC939F-5FEE-45AB-A4DE-61FD22208F92}"
EndProject
Global
	GlobalSection(SolutionConfigurationPlatforms) = preSolution
		Debug|x86 = Debug|x86
		Release|x86 = Release|x86
	EndGlobalSection
	GlobalSection(ProjectConfigurationPlatforms) = postSolution
		{EACC939F-5FEE-45AB-A4DE-61FD22208F92}.Debug|x86.ActiveCfg = Debug|x86
		{EACC939F-5FEE-45AB-A4DE-61FD22208F92}.Debug|x86.Build.0 = Debug|x86
		{EACC939F-5FEE-45AB-A4DE-61FD22208F92}.Release|x86.ActiveCfg = Release|x86
		{EACC939F-5FEE-45AB-A4DE-61FD22208F92}.Release|x86.Build.0 = Release|x86
	EndGlobalSection
	GlobalSection(SolutionProperties) = preSolution
		HideSolutionNode = FALSE
	EndGlobalSection
EndGlobal
