
Microsoft Visual Studio Solution File, Format Version 11.00
# Visual Studio 2010
Project("{FAE04EC0-301F-11D3-BF4B-00C04F79EFBC}") = "Oef14_11_Woordpermutaties", "Oef14_11_Woordpermutaties.csproj", "{D09C035D-EB28-4AC8-A7C9-943D11F76DBE}"
EndProject
Global
	GlobalSection(SolutionConfigurationPlatforms) = preSolution
		Debug|x86 = Debug|x86
		Release|x86 = Release|x86
	EndGlobalSection
	GlobalSection(ProjectConfigurationPlatforms) = postSolution
		{D09C035D-EB28-4AC8-A7C9-943D11F76DBE}.Debug|x86.ActiveCfg = Debug|x86
		{D09C035D-EB28-4AC8-A7C9-943D11F76DBE}.Debug|x86.Build.0 = Debug|x86
		{D09C035D-EB28-4AC8-A7C9-943D11F76DBE}.Release|x86.ActiveCfg = Release|x86
		{D09C035D-EB28-4AC8-A7C9-943D11F76DBE}.Release|x86.Build.0 = Release|x86
	EndGlobalSection
	GlobalSection(SolutionProperties) = preSolution
		HideSolutionNode = FALSE
	EndGlobalSection
EndGlobal
