
Microsoft Visual Studio Solution File, Format Version 11.00
# Visual Studio 2010
Project("{FAE04EC0-301F-11D3-BF4B-00C04F79EFBC}") = "Oef16_7_PlusMinGeheugen", "Oef16_7_PlusMinGeheugen.csproj", "{CD3BC50C-EDA5-4F66-A9F2-70654D86C26D}"
EndProject
Global
	GlobalSection(SolutionConfigurationPlatforms) = preSolution
		Debug|x86 = Debug|x86
		Release|x86 = Release|x86
	EndGlobalSection
	GlobalSection(ProjectConfigurationPlatforms) = postSolution
		{CD3BC50C-EDA5-4F66-A9F2-70654D86C26D}.Debug|x86.ActiveCfg = Debug|x86
		{CD3BC50C-EDA5-4F66-A9F2-70654D86C26D}.Debug|x86.Build.0 = Debug|x86
		{CD3BC50C-EDA5-4F66-A9F2-70654D86C26D}.Release|x86.ActiveCfg = Release|x86
		{CD3BC50C-EDA5-4F66-A9F2-70654D86C26D}.Release|x86.Build.0 = Release|x86
	EndGlobalSection
	GlobalSection(SolutionProperties) = preSolution
		HideSolutionNode = FALSE
	EndGlobalSection
EndGlobal
