
Microsoft Visual Studio Solution File, Format Version 11.00
# Visual Studio 2010
Project("{FAE04EC0-301F-11D3-BF4B-00C04F79EFBC}") = "Oef15_1_Gegevensverwerker", "Oef15_1_Gegevensverwerker.csproj", "{BF15D0B7-2997-4AE9-A783-8BE04B4C3D25}"
EndProject
Global
	GlobalSection(SolutionConfigurationPlatforms) = preSolution
		Debug|x86 = Debug|x86
		Release|x86 = Release|x86
	EndGlobalSection
	GlobalSection(ProjectConfigurationPlatforms) = postSolution
		{BF15D0B7-2997-4AE9-A783-8BE04B4C3D25}.Debug|x86.ActiveCfg = Debug|x86
		{BF15D0B7-2997-4AE9-A783-8BE04B4C3D25}.Debug|x86.Build.0 = Debug|x86
		{BF15D0B7-2997-4AE9-A783-8BE04B4C3D25}.Release|x86.ActiveCfg = Release|x86
		{BF15D0B7-2997-4AE9-A783-8BE04B4C3D25}.Release|x86.Build.0 = Release|x86
	EndGlobalSection
	GlobalSection(SolutionProperties) = preSolution
		HideSolutionNode = FALSE
	EndGlobalSection
EndGlobal
