
Microsoft Visual Studio Solution File, Format Version 11.00
# Visual Studio 2010
Project("{FAE04EC0-301F-11D3-BF4B-00C04F79EFBC}") = "Oef7_3_Bioscooptarief", "Oef7_3_Bioscooptarief.csproj", "{FF937DE0-63CF-4C99-A1C7-8B409532244A}"
EndProject
Global
	GlobalSection(SolutionConfigurationPlatforms) = preSolution
		Debug|x86 = Debug|x86
		Release|x86 = Release|x86
	EndGlobalSection
	GlobalSection(ProjectConfigurationPlatforms) = postSolution
		{FF937DE0-63CF-4C99-A1C7-8B409532244A}.Debug|x86.ActiveCfg = Debug|x86
		{FF937DE0-63CF-4C99-A1C7-8B409532244A}.Debug|x86.Build.0 = Debug|x86
		{FF937DE0-63CF-4C99-A1C7-8B409532244A}.Release|x86.ActiveCfg = Release|x86
		{FF937DE0-63CF-4C99-A1C7-8B409532244A}.Release|x86.Build.0 = Release|x86
	EndGlobalSection
	GlobalSection(SolutionProperties) = preSolution
		HideSolutionNode = FALSE
	EndGlobalSection
EndGlobal
