
Microsoft Visual Studio Solution File, Format Version 11.00
# Visual Studio 2010
Project("{FAE04EC0-301F-11D3-BF4B-00C04F79EFBC}") = "Oef17_1_GeheleDeling", "Oef17_1_GeheleDeling.csproj", "{32B9E188-8887-4F7A-938F-B13691FD85CA}"
EndProject
Global
	GlobalSection(SolutionConfigurationPlatforms) = preSolution
		Debug|x86 = Debug|x86
		Release|x86 = Release|x86
	EndGlobalSection
	GlobalSection(ProjectConfigurationPlatforms) = postSolution
		{32B9E188-8887-4F7A-938F-B13691FD85CA}.Debug|x86.ActiveCfg = Debug|x86
		{32B9E188-8887-4F7A-938F-B13691FD85CA}.Debug|x86.Build.0 = Debug|x86
		{32B9E188-8887-4F7A-938F-B13691FD85CA}.Release|x86.ActiveCfg = Release|x86
		{32B9E188-8887-4F7A-938F-B13691FD85CA}.Release|x86.Build.0 = Release|x86
	EndGlobalSection
	GlobalSection(SolutionProperties) = preSolution
		HideSolutionNode = FALSE
	EndGlobalSection
EndGlobal
