
Microsoft Visual Studio Solution File, Format Version 11.00
# Visual C# Express 2010
Project("{FAE04EC0-301F-11D3-BF4B-00C04F79EFBC}") = "Sphere and Bubble", "Sphere and Bubble.csproj", "{0CDBA77B-1F6B-40D9-8981-AB0AC9C97758}"
EndProject
Global
	GlobalSection(SolutionConfigurationPlatforms) = preSolution
		Debug|x86 = Debug|x86
		Release|x86 = Release|x86
	EndGlobalSection
	GlobalSection(ProjectConfigurationPlatforms) = postSolution
		{0CDBA77B-1F6B-40D9-8981-AB0AC9C97758}.Debug|x86.ActiveCfg = Debug|x86
		{0CDBA77B-1F6B-40D9-8981-AB0AC9C97758}.Debug|x86.Build.0 = Debug|x86
		{0CDBA77B-1F6B-40D9-8981-AB0AC9C97758}.Release|x86.ActiveCfg = Release|x86
		{0CDBA77B-1F6B-40D9-8981-AB0AC9C97758}.Release|x86.Build.0 = Release|x86
	EndGlobalSection
	GlobalSection(SolutionProperties) = preSolution
		HideSolutionNode = FALSE
	EndGlobalSection
EndGlobal
