
Microsoft Visual Studio Solution File, Format Version 11.00
# Visual Studio 2010
Project("{FAE04EC0-301F-11D3-BF4B-00C04F79EFBC}") = "Oef2_2_Visible", "Oef2_2_Visible.csproj", "{061C76DA-C593-43AB-897A-7EE4B7A82410}"
EndProject
Global
	GlobalSection(SolutionConfigurationPlatforms) = preSolution
		Debug|x86 = Debug|x86
		Release|x86 = Release|x86
	EndGlobalSection
	GlobalSection(ProjectConfigurationPlatforms) = postSolution
		{061C76DA-C593-43AB-897A-7EE4B7A82410}.Debug|x86.ActiveCfg = Debug|x86
		{061C76DA-C593-43AB-897A-7EE4B7A82410}.Debug|x86.Build.0 = Debug|x86
		{061C76DA-C593-43AB-897A-7EE4B7A82410}.Release|x86.ActiveCfg = Release|x86
		{061C76DA-C593-43AB-897A-7EE4B7A82410}.Release|x86.Build.0 = Release|x86
	EndGlobalSection
	GlobalSection(SolutionProperties) = preSolution
		HideSolutionNode = FALSE
	EndGlobalSection
EndGlobal
