
Microsoft Visual Studio Solution File, Format Version 11.00
# Visual C# Express 2010
Project("{FAE04EC0-301F-11D3-BF4B-00C04F79EFBC}") = "Selecting an item", "Selecting an item.csproj", "{068A381A-B19E-44D0-85AE-315FAB3182C7}"
EndProject
Global
	GlobalSection(SolutionConfigurationPlatforms) = preSolution
		Debug|x86 = Debug|x86
		Release|x86 = Release|x86
	EndGlobalSection
	GlobalSection(ProjectConfigurationPlatforms) = postSolution
		{068A381A-B19E-44D0-85AE-315FAB3182C7}.Debug|x86.ActiveCfg = Debug|x86
		{068A381A-B19E-44D0-85AE-315FAB3182C7}.Debug|x86.Build.0 = Debug|x86
		{068A381A-B19E-44D0-85AE-315FAB3182C7}.Release|x86.ActiveCfg = Release|x86
		{068A381A-B19E-44D0-85AE-315FAB3182C7}.Release|x86.Build.0 = Release|x86
	EndGlobalSection
	GlobalSection(SolutionProperties) = preSolution
		HideSolutionNode = FALSE
	EndGlobalSection
EndGlobal
